
Microsoft Visual Studio Solution File, Format Version 12.00
Project("{FAE04EC0-301F-11D3-BF4B-00C04F79EFBC}") = "Njulf.Core", "Njulf.Core\Njulf.Core.csproj", "{06E3D47A-6425-466E-AD2B-E6768AC13ABB}"
EndProject
Project("{FAE04EC0-301F-11D3-BF4B-00C04F79EFBC}") = "Njulf.Rendering", "Njulf.Rendering\Njulf.Rendering.csproj", "{DFBDD398-12F9-4C45-AB1B-E6A8270D63EF}"
EndProject
Project("{FAE04EC0-301F-11D3-BF4B-00C04F79EFBC}") = "Njulf.Assets", "Njulf.Assets\Njulf.Assets.csproj", "{FA1E8125-475A-48EF-AB2C-E0C463C2F141}"
EndProject
Project("{FAE04EC0-301F-11D3-BF4B-00C04F79EFBC}") = "Njulf.Input", "Njulf.Input\Njulf.Input.csproj", "{20CD24D6-6840-46D0-9639-B0EDFD2AA4A6}"
EndProject
Project("{FAE04EC0-301F-11D3-BF4B-00C04F79EFBC}") = "Njulf.Tests", "Njulf.Tests\Njulf.Tests.csproj", "{5D707867-6DC6-4791-8A71-843A48A175D2}"
EndProject
Project("{FAE04EC0-301F-11D3-BF4B-00C04F79EFBC}") = "Njulf.Shaders", "Njulf.Shaders\Njulf.Shaders.csproj", "{8E79C541-76B2-4ED4-9401-43D260F2EDB1}"
EndProject
Project("{FAE04EC0-301F-11D3-BF4B-00C04F79EFBC}") = "NjulfHelloGame", "NjulfHelloGame\NjulfHelloGame.csproj", "{14C23986-6CD5-4FCA-8924-F3906C596D07}"
EndProject
Project("{FAE04EC0-301F-11D3-BF4B-00C04F79EFBC}") = "Njulf.AssetTool", "Njulf.AssetTool\Njulf.AssetTool.csproj", "{2BA875E4-2405-47E2-B107-A08C66790DC4}"
EndProject
Project("{FAE04EC0-301F-11D3-BF4B-00C04F79EFBC}") = "Njulf.Editor", "Njulf.Editor\Njulf.Editor.csproj", "{C46B67C7-AB75-4A1B-A1D1-51A895D3E6CF}"
EndProject
Project("{FAE04EC0-301F-11D3-BF4B-00C04F79EFBC}") = "Njulf.ShaderBuild", "Njulf.ShaderBuild\Njulf.ShaderBuild.csproj", "{0C89C19B-C7A4-4AB0-B652-FA2330B4DA2A}"
EndProject
Project("{FAE04EC0-301F-11D3-BF4B-00C04F79EFBC}") = "Njulf.ShaderBuild.Tests", "Njulf.ShaderBuild.Tests\Njulf.ShaderBuild.Tests.csproj", "{F5B8F181-4D90-4C0C-B2D4-A0C2B11F8827}"
EndProject
Global
	GlobalSection(SolutionConfigurationPlatforms) = preSolution
		Debug|Any CPU = Debug|Any CPU
		DetailedInvestigation|Any CPU = DetailedInvestigation|Any CPU
		ProfileSymbols|Any CPU = ProfileSymbols|Any CPU
		Release|Any CPU = Release|Any CPU
		ShippingPerformance|Any CPU = ShippingPerformance|Any CPU
	EndGlobalSection
	GlobalSection(ProjectConfigurationPlatforms) = postSolution
		{06E3D47A-6425-466E-AD2B-E6768AC13ABB}.Debug|Any CPU.ActiveCfg = Debug|Any CPU
		{06E3D47A-6425-466E-AD2B-E6768AC13ABB}.Debug|Any CPU.Build.0 = Debug|Any CPU
		{06E3D47A-6425-466E-AD2B-E6768AC13ABB}.DetailedInvestigation|Any CPU.ActiveCfg = DetailedInvestigation|Any CPU
		{06E3D47A-6425-466E-AD2B-E6768AC13ABB}.DetailedInvestigation|Any CPU.Build.0 = DetailedInvestigation|Any CPU
		{06E3D47A-6425-466E-AD2B-E6768AC13ABB}.ProfileSymbols|Any CPU.ActiveCfg = ProfileSymbols|Any CPU
		{06E3D47A-6425-466E-AD2B-E6768AC13ABB}.ProfileSymbols|Any CPU.Build.0 = ProfileSymbols|Any CPU
		{06E3D47A-6425-466E-AD2B-E6768AC13ABB}.Release|Any CPU.ActiveCfg = Release|Any CPU
		{06E3D47A-6425-466E-AD2B-E6768AC13ABB}.Release|Any CPU.Build.0 = Release|Any CPU
		{06E3D47A-6425-466E-AD2B-E6768AC13ABB}.ShippingPerformance|Any CPU.ActiveCfg = ShippingPerformance|Any CPU
		{06E3D47A-6425-466E-AD2B-E6768AC13ABB}.ShippingPerformance|Any CPU.Build.0 = ShippingPerformance|Any CPU
		{DFBDD398-12F9-4C45-AB1B-E6A8270D63EF}.Debug|Any CPU.ActiveCfg = Debug|Any CPU
		{DFBDD398-12F9-4C45-AB1B-E6A8270D63EF}.Debug|Any CPU.Build.0 = Debug|Any CPU
		{DFBDD398-12F9-4C45-AB1B-E6A8270D63EF}.DetailedInvestigation|Any CPU.ActiveCfg = DetailedInvestigation|Any CPU
		{DFBDD398-12F9-4C45-AB1B-E6A8270D63EF}.DetailedInvestigation|Any CPU.Build.0 = DetailedInvestigation|Any CPU
		{DFBDD398-12F9-4C45-AB1B-E6A8270D63EF}.ProfileSymbols|Any CPU.ActiveCfg = ProfileSymbols|Any CPU
		{DFBDD398-12F9-4C45-AB1B-E6A8270D63EF}.ProfileSymbols|Any CPU.Build.0 = ProfileSymbols|Any CPU
		{DFBDD398-12F9-4C45-AB1B-E6A8270D63EF}.Release|Any CPU.ActiveCfg = Release|Any CPU
		{DFBDD398-12F9-4C45-AB1B-E6A8270D63EF}.Release|Any CPU.Build.0 = Release|Any CPU
		{DFBDD398-12F9-4C45-AB1B-E6A8270D63EF}.ShippingPerformance|Any CPU.ActiveCfg = ShippingPerformance|Any CPU
		{DFBDD398-12F9-4C45-AB1B-E6A8270D63EF}.ShippingPerformance|Any CPU.Build.0 = ShippingPerformance|Any CPU
		{FA1E8125-475A-48EF-AB2C-E0C463C2F141}.Debug|Any CPU.ActiveCfg = Debug|Any CPU
		{FA1E8125-475A-48EF-AB2C-E0C463C2F141}.Debug|Any CPU.Build.0 = Debug|Any CPU
		{FA1E8125-475A-48EF-AB2C-E0C463C2F141}.DetailedInvestigation|Any CPU.ActiveCfg = DetailedInvestigation|Any CPU
		{FA1E8125-475A-48EF-AB2C-E0C463C2F141}.DetailedInvestigation|Any CPU.Build.0 = DetailedInvestigation|Any CPU
		{FA1E8125-475A-48EF-AB2C-E0C463C2F141}.ProfileSymbols|Any CPU.ActiveCfg = ProfileSymbols|Any CPU
		{FA1E8125-475A-48EF-AB2C-E0C463C2F141}.ProfileSymbols|Any CPU.Build.0 = ProfileSymbols|Any CPU
		{FA1E8125-475A-48EF-AB2C-E0C463C2F141}.Release|Any CPU.ActiveCfg = Release|Any CPU
		{FA1E8125-475A-48EF-AB2C-E0C463C2F141}.Release|Any CPU.Build.0 = Release|Any CPU
		{FA1E8125-475A-48EF-AB2C-E0C463C2F141}.ShippingPerformance|Any CPU.ActiveCfg = ShippingPerformance|Any CPU
		{FA1E8125-475A-48EF-AB2C-E0C463C2F141}.ShippingPerformance|Any CPU.Build.0 = ShippingPerformance|Any CPU
		{20CD24D6-6840-46D0-9639-B0EDFD2AA4A6}.Debug|Any CPU.ActiveCfg = Debug|Any CPU
		{20CD24D6-6840-46D0-9639-B0EDFD2AA4A6}.Debug|Any CPU.Build.0 = Debug|Any CPU
		{20CD24D6-6840-46D0-9639-B0EDFD2AA4A6}.DetailedInvestigation|Any CPU.ActiveCfg = DetailedInvestigation|Any CPU
		{20CD24D6-6840-46D0-9639-B0EDFD2AA4A6}.DetailedInvestigation|Any CPU.Build.0 = DetailedInvestigation|Any CPU
		{20CD24D6-6840-46D0-9639-B0EDFD2AA4A6}.ProfileSymbols|Any CPU.ActiveCfg = ProfileSymbols|Any CPU
		{20CD24D6-6840-46D0-9639-B0EDFD2AA4A6}.ProfileSymbols|Any CPU.Build.0 = ProfileSymbols|Any CPU
		{20CD24D6-6840-46D0-9639-B0EDFD2AA4A6}.Release|Any CPU.ActiveCfg = Release|Any CPU
		{20CD24D6-6840-46D0-9639-B0EDFD2AA4A6}.Release|Any CPU.Build.0 = Release|Any CPU
		{20CD24D6-6840-46D0-9639-B0EDFD2AA4A6}.ShippingPerformance|Any CPU.ActiveCfg = ShippingPerformance|Any CPU
		{20CD24D6-6840-46D0-9639-B0EDFD2AA4A6}.ShippingPerformance|Any CPU.Build.0 = ShippingPerformance|Any CPU
		{5D707867-6DC6-4791-8A71-843A48A175D2}.Debug|Any CPU.ActiveCfg = Debug|Any CPU
		{5D707867-6DC6-4791-8A71-843A48A175D2}.Debug|Any CPU.Build.0 = Debug|Any CPU
		{5D707867-6DC6-4791-8A71-843A48A175D2}.DetailedInvestigation|Any CPU.ActiveCfg = DetailedInvestigation|Any CPU
		{5D707867-6DC6-4791-8A71-843A48A175D2}.DetailedInvestigation|Any CPU.Build.0 = DetailedInvestigation|Any CPU
		{5D707867-6DC6-4791-8A71-843A48A175D2}.ProfileSymbols|Any CPU.ActiveCfg = ProfileSymbols|Any CPU
		{5D707867-6DC6-4791-8A71-843A48A175D2}.ProfileSymbols|Any CPU.Build.0 = ProfileSymbols|Any CPU
		{5D707867-6DC6-4791-8A71-843A48A175D2}.Release|Any CPU.ActiveCfg = Release|Any CPU
		{5D707867-6DC6-4791-8A71-843A48A175D2}.Release|Any CPU.Build.0 = Release|Any CPU
		{5D707867-6DC6-4791-8A71-843A48A175D2}.ShippingPerformance|Any CPU.ActiveCfg = ShippingPerformance|Any CPU
		{5D707867-6DC6-4791-8A71-843A48A175D2}.ShippingPerformance|Any CPU.Build.0 = ShippingPerformance|Any CPU
		{8E79C541-76B2-4ED4-9401-43D260F2EDB1}.Debug|Any CPU.ActiveCfg = Debug|Any CPU
		{8E79C541-76B2-4ED4-9401-43D260F2EDB1}.Debug|Any CPU.Build.0 = Debug|Any CPU
		{8E79C541-76B2-4ED4-9401-43D260F2EDB1}.DetailedInvestigation|Any CPU.ActiveCfg = DetailedInvestigation|Any CPU
		{8E79C541-76B2-4ED4-9401-43D260F2EDB1}.DetailedInvestigation|Any CPU.Build.0 = DetailedInvestigation|Any CPU
		{8E79C541-76B2-4ED4-9401-43D260F2EDB1}.ProfileSymbols|Any CPU.ActiveCfg = ProfileSymbols|Any CPU
		{8E79C541-76B2-4ED4-9401-43D260F2EDB1}.ProfileSymbols|Any CPU.Build.0 = ProfileSymbols|Any CPU
		{8E79C541-76B2-4ED4-9401-43D260F2EDB1}.Release|Any CPU.ActiveCfg = Release|Any CPU
		{8E79C541-76B2-4ED4-9401-43D260F2EDB1}.Release|Any CPU.Build.0 = Release|Any CPU
		{8E79C541-76B2-4ED4-9401-43D260F2EDB1}.ShippingPerformance|Any CPU.ActiveCfg = ShippingPerformance|Any CPU
		{8E79C541-76B2-4ED4-9401-43D260F2EDB1}.ShippingPerformance|Any CPU.Build.0 = ShippingPerformance|Any CPU
		{14C23986-6CD5-4FCA-8924-F3906C596D07}.Debug|Any CPU.ActiveCfg = Debug|Any CPU
		{14C23986-6CD5-4FCA-8924-F3906C596D07}.Debug|Any CPU.Build.0 = Debug|Any CPU
		{14C23986-6CD5-4FCA-8924-F3906C596D07}.DetailedInvestigation|Any CPU.ActiveCfg = DetailedInvestigation|Any CPU
		{14C23986-6CD5-4FCA-8924-F3906C596D07}.DetailedInvestigation|Any CPU.Build.0 = DetailedInvestigation|Any CPU
		{14C23986-6CD5-4FCA-8924-F3906C596D07}.ProfileSymbols|Any CPU.ActiveCfg = ProfileSymbols|Any CPU
		{14C23986-6CD5-4FCA-8924-F3906C596D07}.ProfileSymbols|Any CPU.Build.0 = ProfileSymbols|Any CPU
		{14C23986-6CD5-4FCA-8924-F3906C596D07}.Release|Any CPU.ActiveCfg = Release|Any CPU
		{14C23986-6CD5-4FCA-8924-F3906C596D07}.Release|Any CPU.Build.0 = Release|Any CPU
		{14C23986-6CD5-4FCA-8924-F3906C596D07}.ShippingPerformance|Any CPU.ActiveCfg = ShippingPerformance|Any CPU
		{14C23986-6CD5-4FCA-8924-F3906C596D07}.ShippingPerformance|Any CPU.Build.0 = ShippingPerformance|Any CPU
		{2BA875E4-2405-47E2-B107-A08C66790DC4}.Debug|Any CPU.ActiveCfg = Debug|Any CPU
		{2BA875E4-2405-47E2-B107-A08C66790DC4}.Debug|Any CPU.Build.0 = Debug|Any CPU
		{2BA875E4-2405-47E2-B107-A08C66790DC4}.DetailedInvestigation|Any CPU.ActiveCfg = DetailedInvestigation|Any CPU
		{2BA875E4-2405-47E2-B107-A08C66790DC4}.DetailedInvestigation|Any CPU.Build.0 = DetailedInvestigation|Any CPU
		{2BA875E4-2405-47E2-B107-A08C66790DC4}.ProfileSymbols|Any CPU.ActiveCfg = ProfileSymbols|Any CPU
		{2BA875E4-2405-47E2-B107-A08C66790DC4}.ProfileSymbols|Any CPU.Build.0 = ProfileSymbols|Any CPU
		{2BA875E4-2405-47E2-B107-A08C66790DC4}.Release|Any CPU.ActiveCfg = Release|Any CPU
		{2BA875E4-2405-47E2-B107-A08C66790DC4}.Release|Any CPU.Build.0 = Release|Any CPU
		{2BA875E4-2405-47E2-B107-A08C66790DC4}.ShippingPerformance|Any CPU.ActiveCfg = ShippingPerformance|Any CPU
		{2BA875E4-2405-47E2-B107-A08C66790DC4}.ShippingPerformance|Any CPU.Build.0 = ShippingPerformance|Any CPU
		{C46B67C7-AB75-4A1B-A1D1-51A895D3E6CF}.Debug|Any CPU.ActiveCfg = Debug|Any CPU
		{C46B67C7-AB75-4A1B-A1D1-51A895D3E6CF}.Debug|Any CPU.Build.0 = Debug|Any CPU
		{C46B67C7-AB75-4A1B-A1D1-51A895D3E6CF}.DetailedInvestigation|Any CPU.ActiveCfg = DetailedInvestigation|Any CPU
		{C46B67C7-AB75-4A1B-A1D1-51A895D3E6CF}.DetailedInvestigation|Any CPU.Build.0 = DetailedInvestigation|Any CPU
		{C46B67C7-AB75-4A1B-A1D1-51A895D3E6CF}.ProfileSymbols|Any CPU.ActiveCfg = ProfileSymbols|Any CPU
		{C46B67C7-AB75-4A1B-A1D1-51A895D3E6CF}.ProfileSymbols|Any CPU.Build.0 = ProfileSymbols|Any CPU
		{C46B67C7-AB75-4A1B-A1D1-51A895D3E6CF}.Release|Any CPU.ActiveCfg = Release|Any CPU
		{C46B67C7-AB75-4A1B-A1D1-51A895D3E6CF}.Release|Any CPU.Build.0 = Release|Any CPU
		{C46B67C7-AB75-4A1B-A1D1-51A895D3E6CF}.ShippingPerformance|Any CPU.ActiveCfg = ShippingPerformance|Any CPU
		{C46B67C7-AB75-4A1B-A1D1-51A895D3E6CF}.ShippingPerformance|Any CPU.Build.0 = ShippingPerformance|Any CPU
		{0C89C19B-C7A4-4AB0-B652-FA2330B4DA2A}.Debug|Any CPU.ActiveCfg = Debug|Any CPU
		{0C89C19B-C7A4-4AB0-B652-FA2330B4DA2A}.Debug|Any CPU.Build.0 = Debug|Any CPU
		{0C89C19B-C7A4-4AB0-B652-FA2330B4DA2A}.DetailedInvestigation|Any CPU.ActiveCfg = DetailedInvestigation|Any CPU
		{0C89C19B-C7A4-4AB0-B652-FA2330B4DA2A}.DetailedInvestigation|Any CPU.Build.0 = DetailedInvestigation|Any CPU
		{0C89C19B-C7A4-4AB0-B652-FA2330B4DA2A}.ProfileSymbols|Any CPU.ActiveCfg = ProfileSymbols|Any CPU
		{0C89C19B-C7A4-4AB0-B652-FA2330B4DA2A}.ProfileSymbols|Any CPU.Build.0 = ProfileSymbols|Any CPU
		{0C89C19B-C7A4-4AB0-B652-FA2330B4DA2A}.Release|Any CPU.ActiveCfg = Release|Any CPU
		{0C89C19B-C7A4-4AB0-B652-FA2330B4DA2A}.Release|Any CPU.Build.0 = Release|Any CPU
		{0C89C19B-C7A4-4AB0-B652-FA2330B4DA2A}.ShippingPerformance|Any CPU.ActiveCfg = ShippingPerformance|Any CPU
		{0C89C19B-C7A4-4AB0-B652-FA2330B4DA2A}.ShippingPerformance|Any CPU.Build.0 = ShippingPerformance|Any CPU
		{F5B8F181-4D90-4C0C-B2D4-A0C2B11F8827}.Debug|Any CPU.ActiveCfg = Debug|Any CPU
		{F5B8F181-4D90-4C0C-B2D4-A0C2B11F8827}.Debug|Any CPU.Build.0 = Debug|Any CPU
		{F5B8F181-4D90-4C0C-B2D4-A0C2B11F8827}.DetailedInvestigation|Any CPU.ActiveCfg = DetailedInvestigation|Any CPU
		{F5B8F181-4D90-4C0C-B2D4-A0C2B11F8827}.DetailedInvestigation|Any CPU.Build.0 = DetailedInvestigation|Any CPU
		{F5B8F181-4D90-4C0C-B2D4-A0C2B11F8827}.ProfileSymbols|Any CPU.ActiveCfg = ProfileSymbols|Any CPU
		{F5B8F181-4D90-4C0C-B2D4-A0C2B11F8827}.ProfileSymbols|Any CPU.Build.0 = ProfileSymbols|Any CPU
		{F5B8F181-4D90-4C0C-B2D4-A0C2B11F8827}.Release|Any CPU.ActiveCfg = Release|Any CPU
		{F5B8F181-4D90-4C0C-B2D4-A0C2B11F8827}.Release|Any CPU.Build.0 = Release|Any CPU
		{F5B8F181-4D90-4C0C-B2D4-A0C2B11F8827}.ShippingPerformance|Any CPU.ActiveCfg = ShippingPerformance|Any CPU
		{F5B8F181-4D90-4C0C-B2D4-A0C2B11F8827}.ShippingPerformance|Any CPU.Build.0 = ShippingPerformance|Any CPU
	EndGlobalSection
EndGlobal
