
Microsoft Visual Studio Solution File, Format Version 12.00
# Visual Studio Version 17
Project("{2150E333-8FDC-42A3-9474-1A3956D46DE8}") = "CMakePredefinedTargets", "CMakePredefinedTargets", "{96699E21-C53A-3889-99CF-07D71A8402DC}"
EndProject
Project("{2150E333-8FDC-42A3-9474-1A3956D46DE8}") = "External", "External", "{F56100C5-5426-386F-AC52-2A6CCA89DA1A}"
EndProject
Project("{2150E333-8FDC-42A3-9474-1A3956D46DE8}") = "Libraries", "Libraries", "{4A8444C7-783C-36FE-88DD-2CCF518E9BF9}"
EndProject
Project("{8BC9CEB8-8B4A-11D0-8D11-00A0C91BC942}") = "ALL_BUILD", "ALL_BUILD.vcxproj", "{B45DA5A9-78FA-3E11-9D46-956CEE55881D}"
	ProjectSection(ProjectDependencies) = postProject
		{62F8F089-D940-3361-8A3F-2A86C3825EC5} = {62F8F089-D940-3361-8A3F-2A86C3825EC5}
		{E0E9070F-1AC1-33D9-984A-AD7C13CDC3FC} = {E0E9070F-1AC1-33D9-984A-AD7C13CDC3FC}
		{C957133E-2D7F-3C48-A11D-F9C165DC5E93} = {C957133E-2D7F-3C48-A11D-F9C165DC5E93}
		{1A990688-8EBA-3B88-A44C-8EDC1A9EE6C8} = {1A990688-8EBA-3B88-A44C-8EDC1A9EE6C8}
		{57CFD61C-A1F9-3FD0-A7F3-4F698A2245C9} = {57CFD61C-A1F9-3FD0-A7F3-4F698A2245C9}
		{F58D0BFA-E177-3091-BEDA-EBFBD82479FD} = {F58D0BFA-E177-3091-BEDA-EBFBD82479FD}
		{F52D6ADE-55E6-3260-AC6D-55841D42BDD1} = {F52D6ADE-55E6-3260-AC6D-55841D42BDD1}
	EndProjectSection
EndProject
Project("{8BC9CEB8-8B4A-11D0-8D11-00A0C91BC942}") = "INSTALL", "INSTALL.vcxproj", "{FAAE6410-C44E-34B2-9BFF-A1318111855F}"
	ProjectSection(ProjectDependencies) = postProject
		{B45DA5A9-78FA-3E11-9D46-956CEE55881D} = {B45DA5A9-78FA-3E11-9D46-956CEE55881D}
		{C957133E-2D7F-3C48-A11D-F9C165DC5E93} = {C957133E-2D7F-3C48-A11D-F9C165DC5E93}
	EndProjectSection
EndProject
Project("{8BC9CEB8-8B4A-11D0-8D11-00A0C91BC942}") = "PACKAGE", "PACKAGE.vcxproj", "{DD708515-9EA2-310B-9905-B16B37AB274E}"
	ProjectSection(ProjectDependencies) = postProject
		{B45DA5A9-78FA-3E11-9D46-956CEE55881D} = {B45DA5A9-78FA-3E11-9D46-956CEE55881D}
		{C957133E-2D7F-3C48-A11D-F9C165DC5E93} = {C957133E-2D7F-3C48-A11D-F9C165DC5E93}
	EndProjectSection
EndProject
Project("{8BC9CEB8-8B4A-11D0-8D11-00A0C91BC942}") = "ShaderMake", "external\ShaderMake\ShaderMake\ShaderMake.vcxproj", "{62F8F089-D940-3361-8A3F-2A86C3825EC5}"
	ProjectSection(ProjectDependencies) = postProject
		{C957133E-2D7F-3C48-A11D-F9C165DC5E93} = {C957133E-2D7F-3C48-A11D-F9C165DC5E93}
	EndProjectSection
EndProject
Project("{8BC9CEB8-8B4A-11D0-8D11-00A0C91BC942}") = "ShaderMakeBlob", "external\ShaderMake\ShaderMakeBlob.vcxproj", "{E0E9070F-1AC1-33D9-984A-AD7C13CDC3FC}"
	ProjectSection(ProjectDependencies) = postProject
		{C957133E-2D7F-3C48-A11D-F9C165DC5E93} = {C957133E-2D7F-3C48-A11D-F9C165DC5E93}
	EndProjectSection
EndProject
Project("{8BC9CEB8-8B4A-11D0-8D11-00A0C91BC942}") = "ZERO_CHECK", "ZERO_CHECK.vcxproj", "{C957133E-2D7F-3C48-A11D-F9C165DC5E93}"
	ProjectSection(ProjectDependencies) = postProject
	EndProjectSection
EndProject
Project("{8BC9CEB8-8B4A-11D0-8D11-00A0C91BC942}") = "glm", "external\glm\glm\glm.vcxproj", "{1A990688-8EBA-3B88-A44C-8EDC1A9EE6C8}"
	ProjectSection(ProjectDependencies) = postProject
		{C957133E-2D7F-3C48-A11D-F9C165DC5E93} = {C957133E-2D7F-3C48-A11D-F9C165DC5E93}
	EndProjectSection
EndProject
Project("{8BC9CEB8-8B4A-11D0-8D11-00A0C91BC942}") = "lz4_static", "external\lz4\build\cmake\lz4_static.vcxproj", "{57CFD61C-A1F9-3FD0-A7F3-4F698A2245C9}"
	ProjectSection(ProjectDependencies) = postProject
		{C957133E-2D7F-3C48-A11D-F9C165DC5E93} = {C957133E-2D7F-3C48-A11D-F9C165DC5E93}
	EndProjectSection
EndProject
Project("{8BC9CEB8-8B4A-11D0-8D11-00A0C91BC942}") = "omm-lib", "libraries\omm-lib\omm-lib.vcxproj", "{F58D0BFA-E177-3091-BEDA-EBFBD82479FD}"
	ProjectSection(ProjectDependencies) = postProject
		{C957133E-2D7F-3C48-A11D-F9C165DC5E93} = {C957133E-2D7F-3C48-A11D-F9C165DC5E93}
		{1A990688-8EBA-3B88-A44C-8EDC1A9EE6C8} = {1A990688-8EBA-3B88-A44C-8EDC1A9EE6C8}
		{57CFD61C-A1F9-3FD0-A7F3-4F698A2245C9} = {57CFD61C-A1F9-3FD0-A7F3-4F698A2245C9}
		{F52D6ADE-55E6-3260-AC6D-55841D42BDD1} = {F52D6ADE-55E6-3260-AC6D-55841D42BDD1}
	EndProjectSection
EndProject
Project("{8BC9CEB8-8B4A-11D0-8D11-00A0C91BC942}") = "xxhash", "external\xxHash\build\cmake\xxhash.vcxproj", "{F52D6ADE-55E6-3260-AC6D-55841D42BDD1}"
	ProjectSection(ProjectDependencies) = postProject
		{C957133E-2D7F-3C48-A11D-F9C165DC5E93} = {C957133E-2D7F-3C48-A11D-F9C165DC5E93}
	EndProjectSection
EndProject
Global
	GlobalSection(SolutionConfigurationPlatforms) = preSolution
		Debug|x64 = Debug|x64
		Release|x64 = Release|x64
		MinSizeRel|x64 = MinSizeRel|x64
		RelWithDebInfo|x64 = RelWithDebInfo|x64
	EndGlobalSection
	GlobalSection(ProjectConfigurationPlatforms) = postSolution
		{B45DA5A9-78FA-3E11-9D46-956CEE55881D}.Debug|x64.ActiveCfg = Debug|x64
		{B45DA5A9-78FA-3E11-9D46-956CEE55881D}.Debug|x64.Build.0 = Debug|x64
		{B45DA5A9-78FA-3E11-9D46-956CEE55881D}.Release|x64.ActiveCfg = Release|x64
		{B45DA5A9-78FA-3E11-9D46-956CEE55881D}.Release|x64.Build.0 = Release|x64
		{B45DA5A9-78FA-3E11-9D46-956CEE55881D}.MinSizeRel|x64.ActiveCfg = MinSizeRel|x64
		{B45DA5A9-78FA-3E11-9D46-956CEE55881D}.MinSizeRel|x64.Build.0 = MinSizeRel|x64
		{B45DA5A9-78FA-3E11-9D46-956CEE55881D}.RelWithDebInfo|x64.ActiveCfg = RelWithDebInfo|x64
		{B45DA5A9-78FA-3E11-9D46-956CEE55881D}.RelWithDebInfo|x64.Build.0 = RelWithDebInfo|x64
		{FAAE6410-C44E-34B2-9BFF-A1318111855F}.Debug|x64.ActiveCfg = Debug|x64
		{FAAE6410-C44E-34B2-9BFF-A1318111855F}.Release|x64.ActiveCfg = Release|x64
		{FAAE6410-C44E-34B2-9BFF-A1318111855F}.MinSizeRel|x64.ActiveCfg = MinSizeRel|x64
		{FAAE6410-C44E-34B2-9BFF-A1318111855F}.RelWithDebInfo|x64.ActiveCfg = RelWithDebInfo|x64
		{DD708515-9EA2-310B-9905-B16B37AB274E}.Debug|x64.ActiveCfg = Debug|x64
		{DD708515-9EA2-310B-9905-B16B37AB274E}.Release|x64.ActiveCfg = Release|x64
		{DD708515-9EA2-310B-9905-B16B37AB274E}.MinSizeRel|x64.ActiveCfg = MinSizeRel|x64
		{DD708515-9EA2-310B-9905-B16B37AB274E}.RelWithDebInfo|x64.ActiveCfg = RelWithDebInfo|x64
		{62F8F089-D940-3361-8A3F-2A86C3825EC5}.Debug|x64.ActiveCfg = Debug|x64
		{62F8F089-D940-3361-8A3F-2A86C3825EC5}.Debug|x64.Build.0 = Debug|x64
		{62F8F089-D940-3361-8A3F-2A86C3825EC5}.Release|x64.ActiveCfg = Release|x64
		{62F8F089-D940-3361-8A3F-2A86C3825EC5}.Release|x64.Build.0 = Release|x64
		{62F8F089-D940-3361-8A3F-2A86C3825EC5}.MinSizeRel|x64.ActiveCfg = MinSizeRel|x64
		{62F8F089-D940-3361-8A3F-2A86C3825EC5}.MinSizeRel|x64.Build.0 = MinSizeRel|x64
		{62F8F089-D940-3361-8A3F-2A86C3825EC5}.RelWithDebInfo|x64.ActiveCfg = RelWithDebInfo|x64
		{62F8F089-D940-3361-8A3F-2A86C3825EC5}.RelWithDebInfo|x64.Build.0 = RelWithDebInfo|x64
		{E0E9070F-1AC1-33D9-984A-AD7C13CDC3FC}.Debug|x64.ActiveCfg = Debug|x64
		{E0E9070F-1AC1-33D9-984A-AD7C13CDC3FC}.Debug|x64.Build.0 = Debug|x64
		{E0E9070F-1AC1-33D9-984A-AD7C13CDC3FC}.Release|x64.ActiveCfg = Release|x64
		{E0E9070F-1AC1-33D9-984A-AD7C13CDC3FC}.Release|x64.Build.0 = Release|x64
		{E0E9070F-1AC1-33D9-984A-AD7C13CDC3FC}.MinSizeRel|x64.ActiveCfg = MinSizeRel|x64
		{E0E9070F-1AC1-33D9-984A-AD7C13CDC3FC}.MinSizeRel|x64.Build.0 = MinSizeRel|x64
		{E0E9070F-1AC1-33D9-984A-AD7C13CDC3FC}.RelWithDebInfo|x64.ActiveCfg = RelWithDebInfo|x64
		{E0E9070F-1AC1-33D9-984A-AD7C13CDC3FC}.RelWithDebInfo|x64.Build.0 = RelWithDebInfo|x64
		{C957133E-2D7F-3C48-A11D-F9C165DC5E93}.Debug|x64.ActiveCfg = Debug|x64
		{C957133E-2D7F-3C48-A11D-F9C165DC5E93}.Debug|x64.Build.0 = Debug|x64
		{C957133E-2D7F-3C48-A11D-F9C165DC5E93}.Release|x64.ActiveCfg = Release|x64
		{C957133E-2D7F-3C48-A11D-F9C165DC5E93}.Release|x64.Build.0 = Release|x64
		{C957133E-2D7F-3C48-A11D-F9C165DC5E93}.MinSizeRel|x64.ActiveCfg = MinSizeRel|x64
		{C957133E-2D7F-3C48-A11D-F9C165DC5E93}.MinSizeRel|x64.Build.0 = MinSizeRel|x64
		{C957133E-2D7F-3C48-A11D-F9C165DC5E93}.RelWithDebInfo|x64.ActiveCfg = RelWithDebInfo|x64
		{C957133E-2D7F-3C48-A11D-F9C165DC5E93}.RelWithDebInfo|x64.Build.0 = RelWithDebInfo|x64
		{1A990688-8EBA-3B88-A44C-8EDC1A9EE6C8}.Debug|x64.ActiveCfg = Debug|x64
		{1A990688-8EBA-3B88-A44C-8EDC1A9EE6C8}.Debug|x64.Build.0 = Debug|x64
		{1A990688-8EBA-3B88-A44C-8EDC1A9EE6C8}.Release|x64.ActiveCfg = Release|x64
		{1A990688-8EBA-3B88-A44C-8EDC1A9EE6C8}.Release|x64.Build.0 = Release|x64
		{1A990688-8EBA-3B88-A44C-8EDC1A9EE6C8}.MinSizeRel|x64.ActiveCfg = MinSizeRel|x64
		{1A990688-8EBA-3B88-A44C-8EDC1A9EE6C8}.MinSizeRel|x64.Build.0 = MinSizeRel|x64
		{1A990688-8EBA-3B88-A44C-8EDC1A9EE6C8}.RelWithDebInfo|x64.ActiveCfg = RelWithDebInfo|x64
		{1A990688-8EBA-3B88-A44C-8EDC1A9EE6C8}.RelWithDebInfo|x64.Build.0 = RelWithDebInfo|x64
		{57CFD61C-A1F9-3FD0-A7F3-4F698A2245C9}.Debug|x64.ActiveCfg = Debug|x64
		{57CFD61C-A1F9-3FD0-A7F3-4F698A2245C9}.Debug|x64.Build.0 = Debug|x64
		{57CFD61C-A1F9-3FD0-A7F3-4F698A2245C9}.Release|x64.ActiveCfg = Release|x64
		{57CFD61C-A1F9-3FD0-A7F3-4F698A2245C9}.Release|x64.Build.0 = Release|x64
		{57CFD61C-A1F9-3FD0-A7F3-4F698A2245C9}.MinSizeRel|x64.ActiveCfg = MinSizeRel|x64
		{57CFD61C-A1F9-3FD0-A7F3-4F698A2245C9}.MinSizeRel|x64.Build.0 = MinSizeRel|x64
		{57CFD61C-A1F9-3FD0-A7F3-4F698A2245C9}.RelWithDebInfo|x64.ActiveCfg = RelWithDebInfo|x64
		{57CFD61C-A1F9-3FD0-A7F3-4F698A2245C9}.RelWithDebInfo|x64.Build.0 = RelWithDebInfo|x64
		{F58D0BFA-E177-3091-BEDA-EBFBD82479FD}.Debug|x64.ActiveCfg = Debug|x64
		{F58D0BFA-E177-3091-BEDA-EBFBD82479FD}.Debug|x64.Build.0 = Debug|x64
		{F58D0BFA-E177-3091-BEDA-EBFBD82479FD}.Release|x64.ActiveCfg = Release|x64
		{F58D0BFA-E177-3091-BEDA-EBFBD82479FD}.Release|x64.Build.0 = Release|x64
		{F58D0BFA-E177-3091-BEDA-EBFBD82479FD}.MinSizeRel|x64.ActiveCfg = MinSizeRel|x64
		{F58D0BFA-E177-3091-BEDA-EBFBD82479FD}.MinSizeRel|x64.Build.0 = MinSizeRel|x64
		{F58D0BFA-E177-3091-BEDA-EBFBD82479FD}.RelWithDebInfo|x64.ActiveCfg = RelWithDebInfo|x64
		{F58D0BFA-E177-3091-BEDA-EBFBD82479FD}.RelWithDebInfo|x64.Build.0 = RelWithDebInfo|x64
		{F52D6ADE-55E6-3260-AC6D-55841D42BDD1}.Debug|x64.ActiveCfg = Debug|x64
		{F52D6ADE-55E6-3260-AC6D-55841D42BDD1}.Debug|x64.Build.0 = Debug|x64
		{F52D6ADE-55E6-3260-AC6D-55841D42BDD1}.Release|x64.ActiveCfg = Release|x64
		{F52D6ADE-55E6-3260-AC6D-55841D42BDD1}.Release|x64.Build.0 = Release|x64
		{F52D6ADE-55E6-3260-AC6D-55841D42BDD1}.MinSizeRel|x64.ActiveCfg = MinSizeRel|x64
		{F52D6ADE-55E6-3260-AC6D-55841D42BDD1}.MinSizeRel|x64.Build.0 = MinSizeRel|x64
		{F52D6ADE-55E6-3260-AC6D-55841D42BDD1}.RelWithDebInfo|x64.ActiveCfg = RelWithDebInfo|x64
		{F52D6ADE-55E6-3260-AC6D-55841D42BDD1}.RelWithDebInfo|x64.Build.0 = RelWithDebInfo|x64
	EndGlobalSection
	GlobalSection(NestedProjects) = preSolution
		{B45DA5A9-78FA-3E11-9D46-956CEE55881D} = {96699E21-C53A-3889-99CF-07D71A8402DC}
		{FAAE6410-C44E-34B2-9BFF-A1318111855F} = {96699E21-C53A-3889-99CF-07D71A8402DC}
		{DD708515-9EA2-310B-9905-B16B37AB274E} = {96699E21-C53A-3889-99CF-07D71A8402DC}
		{C957133E-2D7F-3C48-A11D-F9C165DC5E93} = {96699E21-C53A-3889-99CF-07D71A8402DC}
		{62F8F089-D940-3361-8A3F-2A86C3825EC5} = {F56100C5-5426-386F-AC52-2A6CCA89DA1A}
		{E0E9070F-1AC1-33D9-984A-AD7C13CDC3FC} = {F56100C5-5426-386F-AC52-2A6CCA89DA1A}
		{1A990688-8EBA-3B88-A44C-8EDC1A9EE6C8} = {F56100C5-5426-386F-AC52-2A6CCA89DA1A}
		{57CFD61C-A1F9-3FD0-A7F3-4F698A2245C9} = {F56100C5-5426-386F-AC52-2A6CCA89DA1A}
		{F52D6ADE-55E6-3260-AC6D-55841D42BDD1} = {F56100C5-5426-386F-AC52-2A6CCA89DA1A}
		{F58D0BFA-E177-3091-BEDA-EBFBD82479FD} = {4A8444C7-783C-36FE-88DD-2CCF518E9BF9}
	EndGlobalSection
	GlobalSection(ExtensibilityGlobals) = postSolution
		SolutionGuid = {9DA3F18F-C18F-340A-8D93-40EBF5E6EA88}
	EndGlobalSection
	GlobalSection(ExtensibilityAddIns) = postSolution
	EndGlobalSection
EndGlobal
