
Microsoft Visual Studio Solution File, Format Version 12.00
# Visual Studio Version 17
Project("{8BC9CEB8-8B4A-11D0-8D11-00A0C91BC942}") = "ALL_BUILD", "ALL_BUILD.vcxproj", "{44F7DBCE-EA31-3FE8-87BE-F5B7EFE19DF7}"
	ProjectSection(ProjectDependencies) = postProject
		{277A6183-1DEA-3F68-B841-E6BFD2299CB8} = {277A6183-1DEA-3F68-B841-E6BFD2299CB8}
		{4DEEAAD7-A267-3F0E-B8FC-F7859317E6B2} = {4DEEAAD7-A267-3F0E-B8FC-F7859317E6B2}
	EndProjectSection
EndProject
Project("{8BC9CEB8-8B4A-11D0-8D11-00A0C91BC942}") = "ZERO_CHECK", "ZERO_CHECK.vcxproj", "{277A6183-1DEA-3F68-B841-E6BFD2299CB8}"
	ProjectSection(ProjectDependencies) = postProject
	EndProjectSection
EndProject
Project("{8BC9CEB8-8B4A-11D0-8D11-00A0C91BC942}") = "njulf_omm_bridge", "njulf_omm_bridge.vcxproj", "{4DEEAAD7-A267-3F0E-B8FC-F7859317E6B2}"
	ProjectSection(ProjectDependencies) = postProject
		{277A6183-1DEA-3F68-B841-E6BFD2299CB8} = {277A6183-1DEA-3F68-B841-E6BFD2299CB8}
	EndProjectSection
EndProject
Global
	GlobalSection(SolutionConfigurationPlatforms) = preSolution
		Debug|x64 = Debug|x64
		Release|x64 = Release|x64
		MinSizeRel|x64 = MinSizeRel|x64
		RelWithDebInfo|x64 = RelWithDebInfo|x64
	EndGlobalSection
	GlobalSection(ProjectConfigurationPlatforms) = postSolution
		{44F7DBCE-EA31-3FE8-87BE-F5B7EFE19DF7}.Debug|x64.ActiveCfg = Debug|x64
		{44F7DBCE-EA31-3FE8-87BE-F5B7EFE19DF7}.Release|x64.ActiveCfg = Release|x64
		{44F7DBCE-EA31-3FE8-87BE-F5B7EFE19DF7}.MinSizeRel|x64.ActiveCfg = MinSizeRel|x64
		{44F7DBCE-EA31-3FE8-87BE-F5B7EFE19DF7}.RelWithDebInfo|x64.ActiveCfg = RelWithDebInfo|x64
		{277A6183-1DEA-3F68-B841-E6BFD2299CB8}.Debug|x64.ActiveCfg = Debug|x64
		{277A6183-1DEA-3F68-B841-E6BFD2299CB8}.Debug|x64.Build.0 = Debug|x64
		{277A6183-1DEA-3F68-B841-E6BFD2299CB8}.Release|x64.ActiveCfg = Release|x64
		{277A6183-1DEA-3F68-B841-E6BFD2299CB8}.Release|x64.Build.0 = Release|x64
		{277A6183-1DEA-3F68-B841-E6BFD2299CB8}.MinSizeRel|x64.ActiveCfg = MinSizeRel|x64
		{277A6183-1DEA-3F68-B841-E6BFD2299CB8}.MinSizeRel|x64.Build.0 = MinSizeRel|x64
		{277A6183-1DEA-3F68-B841-E6BFD2299CB8}.RelWithDebInfo|x64.ActiveCfg = RelWithDebInfo|x64
		{277A6183-1DEA-3F68-B841-E6BFD2299CB8}.RelWithDebInfo|x64.Build.0 = RelWithDebInfo|x64
		{4DEEAAD7-A267-3F0E-B8FC-F7859317E6B2}.Debug|x64.ActiveCfg = Debug|x64
		{4DEEAAD7-A267-3F0E-B8FC-F7859317E6B2}.Debug|x64.Build.0 = Debug|x64
		{4DEEAAD7-A267-3F0E-B8FC-F7859317E6B2}.Release|x64.ActiveCfg = Release|x64
		{4DEEAAD7-A267-3F0E-B8FC-F7859317E6B2}.Release|x64.Build.0 = Release|x64
		{4DEEAAD7-A267-3F0E-B8FC-F7859317E6B2}.MinSizeRel|x64.ActiveCfg = MinSizeRel|x64
		{4DEEAAD7-A267-3F0E-B8FC-F7859317E6B2}.MinSizeRel|x64.Build.0 = MinSizeRel|x64
		{4DEEAAD7-A267-3F0E-B8FC-F7859317E6B2}.RelWithDebInfo|x64.ActiveCfg = RelWithDebInfo|x64
		{4DEEAAD7-A267-3F0E-B8FC-F7859317E6B2}.RelWithDebInfo|x64.Build.0 = RelWithDebInfo|x64
	EndGlobalSection
	GlobalSection(ExtensibilityGlobals) = postSolution
		SolutionGuid = {DE863B13-EE8B-3D61-BDF1-088A1A7500D3}
	EndGlobalSection
	GlobalSection(ExtensibilityAddIns) = postSolution
	EndGlobalSection
EndGlobal
