<?xml version="1.0" encoding="utf-8"?>
<Project ToolsVersion="17.0" xmlns="http://schemas.microsoft.com/developer/msbuild/2003">
  <ItemGroup>
    <CustomBuild Include="D:\Code\C#\Njulf4.0-Simplified\Njulf\.codex-tmp\omm-bridge-build\CMakeFiles\902c3b99ed3ae0f622e96ea634624d1c\generate.stamp.rule">
      <Filter>CMake Rules</Filter>
    </CustomBuild>
  </ItemGroup>
  <ItemGroup>
    <Filter Include="CMake Rules">
      <UniqueIdentifier>{4DE047D1-F6B7-376C-97E8-2C6B62541C42}</UniqueIdentifier>
    </Filter>
  </ItemGroup>
</Project>
